{
  "name": "collatz",
  "lockfileVersion": 2,
  "requires": true,
  "packages": {
    "": {
      "dependencies": {
        "prime-factors": "^0.1.0"
      }
    },
    "node_modules/prime-factors": {
      "version": "0.1.0",
      "resolved": "https://registry.npmjs.org/prime-factors/-/prime-factors-0.1.0.tgz",
      "integrity": "sha512-DUDwXj+A08JvaQ3JwBwa/fIkPlljxbHjlc423/Uiy8EonFOJ5cuGxpoPZ3ANvZjnqPQbXQ3Q+xLnm1ytYjs27w=="
    }
  },
  "dependencies": {
    "prime-factors": {
      "version": "0.1.0",
      "resolved": "https://registry.npmjs.org/prime-factors/-/prime-factors-0.1.0.tgz",
      "integrity": "sha512-DUDwXj+A08JvaQ3JwBwa/fIkPlljxbHjlc423/Uiy8EonFOJ5cuGxpoPZ3ANvZjnqPQbXQ3Q+xLnm1ytYjs27w=="
    }
  }
}
